
Microsoft Visual Studio Solution File, Format Version 12.00
# Visual Studio Version 16
VisualStudioVersion = 16.0.31727.386
MinimumVisualStudioVersion = 10.0.40219.1
Project("{9A19103F-16F7-4668-BE54-9A1E7A4F7556}") = "Web", "MlProject\Web\Web.csproj", "{BE135F61-5D32-4771-AB77-FFDFD765CDDB}"
EndProject
Project("{9A19103F-16F7-4668-BE54-9A1E7A4F7556}") = "MLModel_WebApi1", "MlProject\MLModel_WebApi1\MLModel_WebApi1.csproj", "{42DBBC54-DDD4-4CC5-847A-BFC4896E82D1}"
EndProject
Global
	GlobalSection(SolutionConfigurationPlatforms) = preSolution
		Debug|Any CPU = Debug|Any CPU
		Release|Any CPU = Release|Any CPU
	EndGlobalSection
	GlobalSection(ProjectConfigurationPlatforms) = postSolution
		{BE135F61-5D32-4771-AB77-FFDFD765CDDB}.Debug|Any CPU.ActiveCfg = Debug|Any CPU
		{BE135F61-5D32-4771-AB77-FFDFD765CDDB}.Debug|Any CPU.Build.0 = Debug|Any CPU
		{BE135F61-5D32-4771-AB77-FFDFD765CDDB}.Release|Any CPU.ActiveCfg = Release|Any CPU
		{BE135F61-5D32-4771-AB77-FFDFD765CDDB}.Release|Any CPU.Build.0 = Release|Any CPU
		{42DBBC54-DDD4-4CC5-847A-BFC4896E82D1}.Debug|Any CPU.ActiveCfg = Debug|Any CPU
		{42DBBC54-DDD4-4CC5-847A-BFC4896E82D1}.Debug|Any CPU.Build.0 = Debug|Any CPU
		{42DBBC54-DDD4-4CC5-847A-BFC4896E82D1}.Release|Any CPU.ActiveCfg = Release|Any CPU
		{42DBBC54-DDD4-4CC5-847A-BFC4896E82D1}.Release|Any CPU.Build.0 = Release|Any CPU
	EndGlobalSection
	GlobalSection(SolutionProperties) = preSolution
		HideSolutionNode = FALSE
	EndGlobalSection
	GlobalSection(ExtensibilityGlobals) = postSolution
		SolutionGuid = {A20B51DE-E955-4513-8433-DA4EB1F51AA2}
	EndGlobalSection
EndGlobal
